
Microsoft Visual Studio Solution File, Format Version 12.00
# Visual Studio Version 16
VisualStudioVersion = 16.0.29411.108
MinimumVisualStudioVersion = 10.0.40219.1
Project("{FAE04EC0-301F-11D3-BF4B-00C04F79EFBC}") = "gestion emploi du temps", "gestion emploi du temps.csproj", "{633818DE-1F46-4C16-B824-62A59AFB65DA}"
EndProject
Global
	GlobalSection(SolutionConfigurationPlatforms) = preSolution
		Debug|Any CPU = Debug|Any CPU
		Release|Any CPU = Release|Any CPU
	EndGlobalSection
	GlobalSection(ProjectConfigurationPlatforms) = postSolution
		{633818DE-1F46-4C16-B824-62A59AFB65DA}.Debug|Any CPU.ActiveCfg = Debug|Any CPU
		{633818DE-1F46-4C16-B824-62A59AFB65DA}.Debug|Any CPU.Build.0 = Debug|Any CPU
		{633818DE-1F46-4C16-B824-62A59AFB65DA}.Release|Any CPU.ActiveCfg = Release|Any CPU
		{633818DE-1F46-4C16-B824-62A59AFB65DA}.Release|Any CPU.Build.0 = Release|Any CPU
	EndGlobalSection
	GlobalSection(SolutionProperties) = preSolution
		HideSolutionNode = FALSE
	EndGlobalSection
	GlobalSection(ExtensibilityGlobals) = postSolution
		SolutionGuid = {DDACFEB0-8435-4533-8A76-239BF3F29599}
	EndGlobalSection
EndGlobal
